
Microsoft Visual Studio Solution File, Format Version 12.00
# Visual Studio 15
VisualStudioVersion = 15.0.28010.2019
MinimumVisualStudioVersion = 10.0.40219.1
Project("{FAE04EC0-301F-11D3-BF4B-00C04F79EFBC}") = "ArvidsBowling", "ArvidsBowling\ArvidsBowling.csproj", "{1A8AB8F0-E5B7-46DF-BE8D-87C447FC84FF}"
EndProject
Global
	GlobalSection(SolutionConfigurationPlatforms) = preSolution
		Debug|Any CPU = Debug|Any CPU
		Release|Any CPU = Release|Any CPU
	EndGlobalSection
	GlobalSection(ProjectConfigurationPlatforms) = postSolution
		{1A8AB8F0-E5B7-46DF-BE8D-87C447FC84FF}.Debug|Any CPU.ActiveCfg = Debug|Any CPU
		{1A8AB8F0-E5B7-46DF-BE8D-87C447FC84FF}.Debug|Any CPU.Build.0 = Debug|Any CPU
		{1A8AB8F0-E5B7-46DF-BE8D-87C447FC84FF}.Release|Any CPU.ActiveCfg = Release|Any CPU
		{1A8AB8F0-E5B7-46DF-BE8D-87C447FC84FF}.Release|Any CPU.Build.0 = Release|Any CPU
	EndGlobalSection
	GlobalSection(SolutionProperties) = preSolution
		HideSolutionNode = FALSE
	EndGlobalSection
	GlobalSection(ExtensibilityGlobals) = postSolution
		SolutionGuid = {CF8A296D-A200-4C43-A8A3-AD6E80FB72EE}
	EndGlobalSection
EndGlobal
